// !$*UTF8*$!
{
	archiveVersion = 1;
	classes = {
	};
	objectVersion = 77;
	objects = {

/* Begin PBXBuildFile section */
		351D1A4C2DCA3EB4004A93DD /* libopencv_core.a in Frameworks */ = {isa = PBXBuildFile; fileRef = 35B2CCA32D92F60800735D68 /* libopencv_core.a */; };
		351D1A4D2DCA3EC3004A93DD /* libopencv_imgproc.a in Frameworks */ = {isa = PBXBuildFile; fileRef = 35B2CCAD2D92F64C00735D68 /* libopencv_imgproc.a */; };
		351D1A4E2DCA3ED0004A93DD /* libopencv_video.a in Frameworks */ = {isa = PBXBuildFile; fileRef = 35B2CCB12D92F73E00735D68 /* libopencv_video.a */; };
		351D1A4F2DCA3ED9004A93DD /* libopencv_videoio.a in Frameworks */ = {isa = PBXBuildFile; fileRef = 35B2CCB32D92F74900735D68 /* libopencv_videoio.a */; };
		358A10AE2D952EA5009668B3 /* libopencv_videoio.a in Frameworks */ = {isa = PBXBuildFile; fileRef = 35B2CCB32D92F74900735D68 /* libopencv_videoio.a */; };
		358A10AF2D952EA5009668B3 /* libopencv_xfeatures2d.a in Frameworks */ = {isa = PBXBuildFile; fileRef = 35B2CCAF2D92F66000735D68 /* libopencv_xfeatures2d.a */; };
		358A10B02D952EA5009668B3 /* libopencv_video.a in Frameworks */ = {isa = PBXBuildFile; fileRef = 35B2CCB12D92F73E00735D68 /* libopencv_video.a */; };
		358A10B12D952EA5009668B3 /* libopencv_imgproc.a in Frameworks */ = {isa = PBXBuildFile; fileRef = 35B2CCAD2D92F64C00735D68 /* libopencv_imgproc.a */; };
		358A10B22D952EA5009668B3 /* libopencv_imgcodecs.a in Frameworks */ = {isa = PBXBuildFile; fileRef = 35B2CCAB2D92F64100735D68 /* libopencv_imgcodecs.a */; };
		358A10B32D952EA5009668B3 /* libopencv_highgui.a in Frameworks */ = {isa = PBXBuildFile; fileRef = 35B2CCA92D92F63600735D68 /* libopencv_highgui.a */; };
		358A10B42D952EA5009668B3 /* libopencv_flann.a in Frameworks */ = {isa = PBXBuildFile; fileRef = 35B2CCA72D92F62600735D68 /* libopencv_flann.a */; };
		358A10B52D952EA5009668B3 /* libopencv_features2d.a in Frameworks */ = {isa = PBXBuildFile; fileRef = 35B2CCA52D92F61900735D68 /* libopencv_features2d.a */; };
		358A10B62D952EA5009668B3 /* libopencv_core.a in Frameworks */ = {isa = PBXBuildFile; fileRef = 35B2CCA32D92F60800735D68 /* libopencv_core.a */; };
		35B2CCA62D92F62000735D68 /* libopencv_features2d.a in Frameworks */ = {isa = PBXBuildFile; fileRef = 35B2CCA52D92F61900735D68 /* libopencv_features2d.a */; };
		35B2CCAA2D92F63A00735D68 /* libopencv_highgui.a in Frameworks */ = {isa = PBXBuildFile; fileRef = 35B2CCA92D92F63600735D68 /* libopencv_highgui.a */; };
		35B2CCAC2D92F64500735D68 /* libopencv_imgcodecs.a in Frameworks */ = {isa = PBXBuildFile; fileRef = 35B2CCAB2D92F64100735D68 /* libopencv_imgcodecs.a */; };
/* End PBXBuildFile section */

/* Begin PBXCopyFilesBuildPhase section */
		35B2CC962D92F5B200735D68 /* CopyFiles */ = {
			isa = PBXCopyFilesBuildPhase;
			buildActionMask = 2147483647;
			dstPath = /usr/share/man/man1/;
			dstSubfolderSpec = 0;
			files = (
			);
			runOnlyForDeploymentPostprocessing = 1;
		};
/* End PBXCopyFilesBuildPhase section */

/* Begin PBXFileReference section */
		358A10A12D952568009668B3 /* DatesetGeneratorTest.xctest */ = {isa = PBXFileReference; explicitFileType = wrapper.cfbundle; includeInIndex = 0; path = DatesetGeneratorTest.xctest; sourceTree = BUILT_PRODUCTS_DIR; };
		358A10B92D953073009668B3 /* Test.xctestplan */ = {isa = PBXFileReference; lastKnownFileType = text; path = Test.xctestplan; sourceTree = "<group>"; };
		35B2CC982D92F5B200735D68 /* Dataset */ = {isa = PBXFileReference; explicitFileType = "compiled.mach-o.executable"; includeInIndex = 0; path = Dataset; sourceTree = BUILT_PRODUCTS_DIR; };
		35B2CCA32D92F60800735D68 /* libopencv_core.a */ = {isa = PBXFileReference; lastKnownFileType = archive.ar; name = libopencv_core.a; path = ../../../../../opt/homebrew/lib/libopencv_core.a; sourceTree = "<group>"; };
		35B2CCA52D92F61900735D68 /* libopencv_features2d.a */ = {isa = PBXFileReference; lastKnownFileType = archive.ar; name = libopencv_features2d.a; path = ../../../../../opt/homebrew/lib/libopencv_features2d.a; sourceTree = "<group>"; };
		35B2CCA72D92F62600735D68 /* libopencv_flann.a */ = {isa = PBXFileReference; lastKnownFileType = archive.ar; name = libopencv_flann.a; path = ../../../../../opt/homebrew/lib/libopencv_flann.a; sourceTree = "<group>"; };
		35B2CCA92D92F63600735D68 /* libopencv_highgui.a */ = {isa = PBXFileReference; lastKnownFileType = archive.ar; name = libopencv_highgui.a; path = ../../../../../opt/homebrew/lib/libopencv_highgui.a; sourceTree = "<group>"; };
		35B2CCAB2D92F64100735D68 /* libopencv_imgcodecs.a */ = {isa = PBXFileReference; lastKnownFileType = archive.ar; name = libopencv_imgcodecs.a; path = ../../../../../opt/homebrew/lib/libopencv_imgcodecs.a; sourceTree = "<group>"; };
		35B2CCAD2D92F64C00735D68 /* libopencv_imgproc.a */ = {isa = PBXFileReference; lastKnownFileType = archive.ar; name = libopencv_imgproc.a; path = ../../../../../opt/homebrew/lib/libopencv_imgproc.a; sourceTree = "<group>"; };
		35B2CCAF2D92F66000735D68 /* libopencv_xfeatures2d.a */ = {isa = PBXFileReference; lastKnownFileType = archive.ar; name = libopencv_xfeatures2d.a; path = ../../../../../opt/homebrew/lib/libopencv_xfeatures2d.a; sourceTree = "<group>"; };
		35B2CCB12D92F73E00735D68 /* libopencv_video.a */ = {isa = PBXFileReference; lastKnownFileType = archive.ar; name = libopencv_video.a; path = ../../../../../opt/homebrew/lib/libopencv_video.a; sourceTree = "<group>"; };
		35B2CCB32D92F74900735D68 /* libopencv_videoio.a */ = {isa = PBXFileReference; lastKnownFileType = archive.ar; name = libopencv_videoio.a; path = ../../../../../opt/homebrew/lib/libopencv_videoio.a; sourceTree = "<group>"; };
		35E3979C2D9D0C9C00406446 /* clip.json */ = {isa = PBXFileReference; lastKnownFileType = text.json; name = clip.json; path = data/20250324_1430/clip.json; sourceTree = "<group>"; };
/* End PBXFileReference section */

/* Begin PBXFileSystemSynchronizedBuildFileExceptionSet section */
		351D1A632DCA49B9004A93DD /* Exceptions for "Test" folder in "DatesetGeneratorTest" target */ = {
			isa = PBXFileSystemSynchronizedBuildFileExceptionSet;
			membershipExceptions = (
				data/clip.json,
				data/clip640x424.mov,
				data/debug/testBoundingBoxFrame/frame_026059.png,
				data/debug/testBoundingBoxFrameSerie/frame_000914.png,
				data/debug/testBoundingBoxFrameSerie/frame_010423.png,
				data/debug/testBoundingBoxFrameSerie/frame_010447.png,
				data/debug/testBoundingBoxFrameSerie/frame_026059.png,
				data/debug/testBoundingBoxFrameSerie/frame_035456.png,
				data/debug/testBoundingBoxFrameSerie/frame_035683.png,
				data/debug/testBoundingBoxFrameSerie/frame_035780.png,
				data/maske640x424.png,
			);
			target = 358A10A02D952568009668B3 /* DatesetGeneratorTest */;
		};
		358A10B82D952EF7009668B3 /* Exceptions for "Dataset" folder in "DatesetGeneratorTest" target */ = {
			isa = PBXFileSystemSynchronizedBuildFileExceptionSet;
			membershipExceptions = (
				DatasetGenerator.cpp,
			);
			target = 358A10A02D952568009668B3 /* DatesetGeneratorTest */;
		};
/* End PBXFileSystemSynchronizedBuildFileExceptionSet section */

/* Begin PBXFileSystemSynchronizedRootGroup section */
		358A10A22D952568009668B3 /* Test */ = {
			isa = PBXFileSystemSynchronizedRootGroup;
			exceptions = (
				351D1A632DCA49B9004A93DD /* Exceptions for "Test" folder in "DatesetGeneratorTest" target */,
			);
			path = Test;
			sourceTree = "<group>";
		};
		35B2CC9A2D92F5B200735D68 /* Dataset */ = {
			isa = PBXFileSystemSynchronizedRootGroup;
			exceptions = (
				358A10B82D952EF7009668B3 /* Exceptions for "Dataset" folder in "DatesetGeneratorTest" target */,
			);
			path = Dataset;
			sourceTree = "<group>";
		};
		35E397A42D9D5DED00406446 /* config */ = {
			isa = PBXFileSystemSynchronizedRootGroup;
			path = config;
			sourceTree = "<group>";
		};
		35E397A72D9D6D1500406446 /* scripts */ = {
			isa = PBXFileSystemSynchronizedRootGroup;
			path = scripts;
			sourceTree = "<group>";
		};
/* End PBXFileSystemSynchronizedRootGroup section */

/* Begin PBXFrameworksBuildPhase section */
		358A109E2D952568009668B3 /* Frameworks */ = {
			isa = PBXFrameworksBuildPhase;
			buildActionMask = 2147483647;
			files = (
				358A10AE2D952EA5009668B3 /* libopencv_videoio.a in Frameworks */,
				358A10AF2D952EA5009668B3 /* libopencv_xfeatures2d.a in Frameworks */,
				358A10B02D952EA5009668B3 /* libopencv_video.a in Frameworks */,
				358A10B12D952EA5009668B3 /* libopencv_imgproc.a in Frameworks */,
				358A10B22D952EA5009668B3 /* libopencv_imgcodecs.a in Frameworks */,
				358A10B32D952EA5009668B3 /* libopencv_highgui.a in Frameworks */,
				358A10B42D952EA5009668B3 /* libopencv_flann.a in Frameworks */,
				358A10B52D952EA5009668B3 /* libopencv_features2d.a in Frameworks */,
				358A10B62D952EA5009668B3 /* libopencv_core.a in Frameworks */,
			);
			runOnlyForDeploymentPostprocessing = 0;
		};
		35B2CC952D92F5B200735D68 /* Frameworks */ = {
			isa = PBXFrameworksBuildPhase;
			buildActionMask = 2147483647;
			files = (
				35B2CCAA2D92F63A00735D68 /* libopencv_highgui.a in Frameworks */,
				35B2CCAC2D92F64500735D68 /* libopencv_imgcodecs.a in Frameworks */,
				351D1A4F2DCA3ED9004A93DD /* libopencv_videoio.a in Frameworks */,
				351D1A4D2DCA3EC3004A93DD /* libopencv_imgproc.a in Frameworks */,
				351D1A4E2DCA3ED0004A93DD /* libopencv_video.a in Frameworks */,
				351D1A4C2DCA3EB4004A93DD /* libopencv_core.a in Frameworks */,
				35B2CCA62D92F62000735D68 /* libopencv_features2d.a in Frameworks */,
			);
			runOnlyForDeploymentPostprocessing = 0;
		};
/* End PBXFrameworksBuildPhase section */

/* Begin PBXGroup section */
		35B2CC8F2D92F5B200735D68 = {
			isa = PBXGroup;
			children = (
				35E397A72D9D6D1500406446 /* scripts */,
				35E397A42D9D5DED00406446 /* config */,
				35E3979C2D9D0C9C00406446 /* clip.json */,
				358A10B92D953073009668B3 /* Test.xctestplan */,
				35B2CC9A2D92F5B200735D68 /* Dataset */,
				358A10A22D952568009668B3 /* Test */,
				35B2CCA22D92F60800735D68 /* Frameworks */,
				35B2CC992D92F5B200735D68 /* Products */,
			);
			sourceTree = "<group>";
		};
		35B2CC992D92F5B200735D68 /* Products */ = {
			isa = PBXGroup;
			children = (
				35B2CC982D92F5B200735D68 /* Dataset */,
				358A10A12D952568009668B3 /* DatesetGeneratorTest.xctest */,
			);
			name = Products;
			sourceTree = "<group>";
		};
		35B2CCA22D92F60800735D68 /* Frameworks */ = {
			isa = PBXGroup;
			children = (
				35B2CCB32D92F74900735D68 /* libopencv_videoio.a */,
				35B2CCB12D92F73E00735D68 /* libopencv_video.a */,
				35B2CCAF2D92F66000735D68 /* libopencv_xfeatures2d.a */,
				35B2CCAD2D92F64C00735D68 /* libopencv_imgproc.a */,
				35B2CCAB2D92F64100735D68 /* libopencv_imgcodecs.a */,
				35B2CCA92D92F63600735D68 /* libopencv_highgui.a */,
				35B2CCA72D92F62600735D68 /* libopencv_flann.a */,
				35B2CCA52D92F61900735D68 /* libopencv_features2d.a */,
				35B2CCA32D92F60800735D68 /* libopencv_core.a */,
			);
			name = Frameworks;
			sourceTree = "<group>";
		};
/* End PBXGroup section */

/* Begin PBXNativeTarget section */
		358A10A02D952568009668B3 /* DatesetGeneratorTest */ = {
			isa = PBXNativeTarget;
			buildConfigurationList = 358A10A52D952568009668B3 /* Build configuration list for PBXNativeTarget "DatesetGeneratorTest" */;
			buildPhases = (
				358A109D2D952568009668B3 /* Sources */,
				358A109E2D952568009668B3 /* Frameworks */,
				358A109F2D952568009668B3 /* Resources */,
			);
			buildRules = (
			);
			dependencies = (
			);
			fileSystemSynchronizedGroups = (
				358A10A22D952568009668B3 /* Test */,
			);
			name = DatesetGeneratorTest;
			packageProductDependencies = (
			);
			productName = UtilitiesTest;
			productReference = 358A10A12D952568009668B3 /* DatesetGeneratorTest.xctest */;
			productType = "com.apple.product-type.bundle.unit-test";
		};
		35B2CC972D92F5B200735D68 /* Dataset */ = {
			isa = PBXNativeTarget;
			buildConfigurationList = 35B2CC9F2D92F5B200735D68 /* Build configuration list for PBXNativeTarget "Dataset" */;
			buildPhases = (
				35B2CC942D92F5B200735D68 /* Sources */,
				35B2CC952D92F5B200735D68 /* Frameworks */,
				35B2CC962D92F5B200735D68 /* CopyFiles */,
			);
			buildRules = (
			);
			dependencies = (
			);
			fileSystemSynchronizedGroups = (
				35B2CC9A2D92F5B200735D68 /* Dataset */,
			);
			name = Dataset;
			packageProductDependencies = (
			);
			productName = Dataset;
			productReference = 35B2CC982D92F5B200735D68 /* Dataset */;
			productType = "com.apple.product-type.tool";
		};
/* End PBXNativeTarget section */

/* Begin PBXProject section */
		35B2CC902D92F5B200735D68 /* Project object */ = {
			isa = PBXProject;
			attributes = {
				BuildIndependentTargetsInParallel = 1;
				LastUpgradeCheck = 1600;
				TargetAttributes = {
					358A10A02D952568009668B3 = {
						CreatedOnToolsVersion = 16.0;
					};
					35B2CC972D92F5B200735D68 = {
						CreatedOnToolsVersion = 16.0;
					};
				};
			};
			buildConfigurationList = 35B2CC932D92F5B200735D68 /* Build configuration list for PBXProject "Dataset" */;
			developmentRegion = en;
			hasScannedForEncodings = 0;
			knownRegions = (
				en,
				Base,
			);
			mainGroup = 35B2CC8F2D92F5B200735D68;
			minimizedProjectReferenceProxies = 1;
			preferredProjectObjectVersion = 77;
			productRefGroup = 35B2CC992D92F5B200735D68 /* Products */;
			projectDirPath = "";
			projectRoot = "";
			targets = (
				35B2CC972D92F5B200735D68 /* Dataset */,
				358A10A02D952568009668B3 /* DatesetGeneratorTest */,
			);
		};
/* End PBXProject section */

/* Begin PBXResourcesBuildPhase section */
		358A109F2D952568009668B3 /* Resources */ = {
			isa = PBXResourcesBuildPhase;
			buildActionMask = 2147483647;
			files = (
			);
			runOnlyForDeploymentPostprocessing = 0;
		};
/* End PBXResourcesBuildPhase section */

/* Begin PBXSourcesBuildPhase section */
		358A109D2D952568009668B3 /* Sources */ = {
			isa = PBXSourcesBuildPhase;
			buildActionMask = 2147483647;
			files = (
			);
			runOnlyForDeploymentPostprocessing = 0;
		};
		35B2CC942D92F5B200735D68 /* Sources */ = {
			isa = PBXSourcesBuildPhase;
			buildActionMask = 2147483647;
			files = (
			);
			runOnlyForDeploymentPostprocessing = 0;
		};
/* End PBXSourcesBuildPhase section */

/* Begin XCBuildConfiguration section */
		358A10A62D952568009668B3 /* Debug */ = {
			isa = XCBuildConfiguration;
			buildSettings = {
				CLANG_CXX_LANGUAGE_STANDARD = "c++20";
				CODE_SIGN_STYLE = Automatic;
				CURRENT_PROJECT_VERSION = 1;
				DEVELOPMENT_TEAM = 96678C6NM2;
				GENERATE_INFOPLIST_FILE = YES;
				MARKETING_VERSION = 1.0;
				PRODUCT_NAME = "$(TARGET_NAME)";
				SWIFT_EMIT_LOC_STRINGS = NO;
			};
			name = Debug;
		};
		358A10A72D952568009668B3 /* Release */ = {
			isa = XCBuildConfiguration;
			buildSettings = {
				CLANG_CXX_LANGUAGE_STANDARD = "c++20";
				CODE_SIGN_STYLE = Automatic;
				CURRENT_PROJECT_VERSION = 1;
				DEVELOPMENT_TEAM = 96678C6NM2;
				GENERATE_INFOPLIST_FILE = YES;
				MARKETING_VERSION = 1.0;
				PRODUCT_NAME = "$(TARGET_NAME)";
				SWIFT_EMIT_LOC_STRINGS = NO;
			};
			name = Release;
		};
		35B2CC9D2D92F5B200735D68 /* Debug */ = {
			isa = XCBuildConfiguration;
			buildSettings = {
				ALWAYS_SEARCH_USER_PATHS = NO;
				ASSETCATALOG_COMPILER_GENERATE_SWIFT_ASSET_SYMBOL_EXTENSIONS = YES;
				CLANG_ANALYZER_NONNULL = YES;
				CLANG_ANALYZER_NUMBER_OBJECT_CONVERSION = YES_AGGRESSIVE;
				CLANG_CXX_LANGUAGE_STANDARD = "c++20";
				CLANG_ENABLE_MODULES = YES;
				CLANG_ENABLE_OBJC_ARC = YES;
				CLANG_ENABLE_OBJC_WEAK = YES;
				CLANG_WARN_BLOCK_CAPTURE_AUTORELEASING = YES;
				CLANG_WARN_BOOL_CONVERSION = YES;
				CLANG_WARN_COMMA = YES;
				CLANG_WARN_CONSTANT_CONVERSION = YES;
				CLANG_WARN_DEPRECATED_OBJC_IMPLEMENTATIONS = YES;
				CLANG_WARN_DIRECT_OBJC_ISA_USAGE = YES_ERROR;
				CLANG_WARN_DOCUMENTATION_COMMENTS = YES;
				CLANG_WARN_EMPTY_BODY = YES;
				CLANG_WARN_ENUM_CONVERSION = YES;
				CLANG_WARN_INFINITE_RECURSION = YES;
				CLANG_WARN_INT_CONVERSION = YES;
				CLANG_WARN_NON_LITERAL_NULL_CONVERSION = YES;
				CLANG_WARN_OBJC_IMPLICIT_RETAIN_SELF = YES;
				CLANG_WARN_OBJC_LITERAL_CONVERSION = YES;
				CLANG_WARN_OBJC_ROOT_CLASS = YES_ERROR;
				CLANG_WARN_QUOTED_INCLUDE_IN_FRAMEWORK_HEADER = YES;
				CLANG_WARN_RANGE_LOOP_ANALYSIS = YES;
				CLANG_WARN_STRICT_PROTOTYPES = YES;
				CLANG_WARN_SUSPICIOUS_MOVE = YES;
				CLANG_WARN_UNGUARDED_AVAILABILITY = YES_AGGRESSIVE;
				CLANG_WARN_UNREACHABLE_CODE = YES;
				CLANG_WARN__DUPLICATE_METHOD_MATCH = YES;
				COPY_PHASE_STRIP = NO;
				DEBUG_INFORMATION_FORMAT = dwarf;
				ENABLE_STRICT_OBJC_MSGSEND = YES;
				ENABLE_TESTABILITY = YES;
				ENABLE_USER_SCRIPT_SANDBOXING = YES;
				GCC_C_LANGUAGE_STANDARD = gnu17;
				GCC_DYNAMIC_NO_PIC = NO;
				GCC_NO_COMMON_BLOCKS = YES;
				GCC_OPTIMIZATION_LEVEL = 0;
				GCC_PREPROCESSOR_DEFINITIONS = (
					"DEBUG=1",
					"$(inherited)",
					"PROJECT_SOURCE_DIR=\"\\\"$(SRCROOT)\\\"\"",
				);
				GCC_WARN_64_TO_32_BIT_CONVERSION = YES;
				GCC_WARN_ABOUT_RETURN_TYPE = YES_ERROR;
				GCC_WARN_UNDECLARED_SELECTOR = YES;
				GCC_WARN_UNINITIALIZED_AUTOS = YES_AGGRESSIVE;
				GCC_WARN_UNUSED_FUNCTION = YES;
				GCC_WARN_UNUSED_VARIABLE = YES;
				HEADER_SEARCH_PATHS = (
					/opt/homebrew/include/opencv4,
					/opt/homebrew/include,
				);
				LIBRARY_SEARCH_PATHS = /opt/homebrew/lib;
				LOCALIZATION_PREFERS_STRING_CATALOGS = YES;
				MACOSX_DEPLOYMENT_TARGET = 15.0;
				MTL_ENABLE_DEBUG_INFO = INCLUDE_SOURCE;
				MTL_FAST_MATH = YES;
				ONLY_ACTIVE_ARCH = YES;
				SDKROOT = macosx;
				WARNING_CFLAGS = (
					"-Wall",
					"-Wextra",
				);
			};
			name = Debug;
		};
		35B2CC9E2D92F5B200735D68 /* Release */ = {
			isa = XCBuildConfiguration;
			buildSettings = {
				ALWAYS_SEARCH_USER_PATHS = NO;
				ASSETCATALOG_COMPILER_GENERATE_SWIFT_ASSET_SYMBOL_EXTENSIONS = YES;
				CLANG_ANALYZER_NONNULL = YES;
				CLANG_ANALYZER_NUMBER_OBJECT_CONVERSION = YES_AGGRESSIVE;
				CLANG_CXX_LANGUAGE_STANDARD = "c++20";
				CLANG_ENABLE_MODULES = YES;
				CLANG_ENABLE_OBJC_ARC = YES;
				CLANG_ENABLE_OBJC_WEAK = YES;
				CLANG_WARN_BLOCK_CAPTURE_AUTORELEASING = YES;
				CLANG_WARN_BOOL_CONVERSION = YES;
				CLANG_WARN_COMMA = YES;
				CLANG_WARN_CONSTANT_CONVERSION = YES;
				CLANG_WARN_DEPRECATED_OBJC_IMPLEMENTATIONS = YES;
				CLANG_WARN_DIRECT_OBJC_ISA_USAGE = YES_ERROR;
				CLANG_WARN_DOCUMENTATION_COMMENTS = YES;
				CLANG_WARN_EMPTY_BODY = YES;
				CLANG_WARN_ENUM_CONVERSION = YES;
				CLANG_WARN_INFINITE_RECURSION = YES;
				CLANG_WARN_INT_CONVERSION = YES;
				CLANG_WARN_NON_LITERAL_NULL_CONVERSION = YES;
				CLANG_WARN_OBJC_IMPLICIT_RETAIN_SELF = YES;
				CLANG_WARN_OBJC_LITERAL_CONVERSION = YES;
				CLANG_WARN_OBJC_ROOT_CLASS = YES_ERROR;
				CLANG_WARN_QUOTED_INCLUDE_IN_FRAMEWORK_HEADER = YES;
				CLANG_WARN_RANGE_LOOP_ANALYSIS = YES;
				CLANG_WARN_STRICT_PROTOTYPES = YES;
				CLANG_WARN_SUSPICIOUS_MOVE = YES;
				CLANG_WARN_UNGUARDED_AVAILABILITY = YES_AGGRESSIVE;
				CLANG_WARN_UNREACHABLE_CODE = YES;
				CLANG_WARN__DUPLICATE_METHOD_MATCH = YES;
				COPY_PHASE_STRIP = NO;
				DEBUG_INFORMATION_FORMAT = "dwarf-with-dsym";
				ENABLE_NS_ASSERTIONS = NO;
				ENABLE_STRICT_OBJC_MSGSEND = YES;
				ENABLE_USER_SCRIPT_SANDBOXING = YES;
				GCC_C_LANGUAGE_STANDARD = gnu17;
				GCC_NO_COMMON_BLOCKS = YES;
				GCC_WARN_64_TO_32_BIT_CONVERSION = YES;
				GCC_WARN_ABOUT_RETURN_TYPE = YES_ERROR;
				GCC_WARN_UNDECLARED_SELECTOR = YES;
				GCC_WARN_UNINITIALIZED_AUTOS = YES_AGGRESSIVE;
				GCC_WARN_UNUSED_FUNCTION = YES;
				GCC_WARN_UNUSED_VARIABLE = YES;
				HEADER_SEARCH_PATHS = (
					/opt/homebrew/include/opencv4,
					/opt/homebrew/include,
				);
				LIBRARY_SEARCH_PATHS = /opt/homebrew/lib;
				LOCALIZATION_PREFERS_STRING_CATALOGS = YES;
				MACOSX_DEPLOYMENT_TARGET = 15.0;
				MTL_ENABLE_DEBUG_INFO = NO;
				MTL_FAST_MATH = YES;
				SDKROOT = macosx;
				WARNING_CFLAGS = (
					"-Wall",
					"-Wextra",
				);
			};
			name = Release;
		};
		35B2CCA02D92F5B200735D68 /* Debug */ = {
			isa = XCBuildConfiguration;
			buildSettings = {
				CODE_SIGN_ENTITLEMENTS = "";
				"CODE_SIGN_IDENTITY[sdk=macosx*]" = "Apple Development";
				CODE_SIGN_STYLE = Automatic;
				DEVELOPMENT_TEAM = 96678C6NM2;
				ENABLE_HARDENED_RUNTIME = NO;
				LIBRARY_SEARCH_PATHS = (
					"$(inherited)",
					/opt/homebrew/lib,
				);
				PRODUCT_NAME = "$(TARGET_NAME)";
			};
			name = Debug;
		};
		35B2CCA12D92F5B200735D68 /* Release */ = {
			isa = XCBuildConfiguration;
			buildSettings = {
				CODE_SIGN_ENTITLEMENTS = "";
				"CODE_SIGN_IDENTITY[sdk=macosx*]" = "Apple Development";
				CODE_SIGN_STYLE = Automatic;
				DEVELOPMENT_TEAM = 96678C6NM2;
				ENABLE_HARDENED_RUNTIME = NO;
				LIBRARY_SEARCH_PATHS = (
					"$(inherited)",
					/opt/homebrew/lib,
				);
				PRODUCT_NAME = "$(TARGET_NAME)";
			};
			name = Release;
		};
/* End XCBuildConfiguration section */

/* Begin XCConfigurationList section */
		358A10A52D952568009668B3 /* Build configuration list for PBXNativeTarget "DatesetGeneratorTest" */ = {
			isa = XCConfigurationList;
			buildConfigurations = (
				358A10A62D952568009668B3 /* Debug */,
				358A10A72D952568009668B3 /* Release */,
			);
			defaultConfigurationIsVisible = 0;
			defaultConfigurationName = Release;
		};
		35B2CC932D92F5B200735D68 /* Build configuration list for PBXProject "Dataset" */ = {
			isa = XCConfigurationList;
			buildConfigurations = (
				35B2CC9D2D92F5B200735D68 /* Debug */,
				35B2CC9E2D92F5B200735D68 /* Release */,
			);
			defaultConfigurationIsVisible = 0;
			defaultConfigurationName = Release;
		};
		35B2CC9F2D92F5B200735D68 /* Build configuration list for PBXNativeTarget "Dataset" */ = {
			isa = XCConfigurationList;
			buildConfigurations = (
				35B2CCA02D92F5B200735D68 /* Debug */,
				35B2CCA12D92F5B200735D68 /* Release */,
			);
			defaultConfigurationIsVisible = 0;
			defaultConfigurationName = Release;
		};
/* End XCConfigurationList section */
	};
	rootObject = 35B2CC902D92F5B200735D68 /* Project object */;
}
